github.com/google/deck v1.1.0 h1:kePIz/wtlpsFSx3+sEmYnlBPudF0x3u0QqB91EC8l38=
github.com/google/deck v1.1.0/go.mod h1:VyLix33qBTXGsn4vbF85lWLv/9ushseSAoqS27uX6Zg=
golang.org/x/sys v0.20.0 h1:Od9JTbYCk261bKm4M/mw7AklTlFYIa0bIp9BgSm1S8Y=
golang.org/x/sys v0.20.0/go.mod h1:/VUhepiaJMQUp4+oa/7Zr1D23ma6VTLIYjOOTFZPUcA=
